
Microsoft Visual Studio Solution File, Format Version 12.00
# Visual Studio Version 17
VisualStudioVersion = 17.0.31903.59
MinimumVisualStudioVersion = 10.0.40219.1
Project("{FAE04EC0-301F-11D3-BF4B-00C04F79EFBC}") = "ColorfulClock.Server", "ColorfulClock.Server\ColorfulClock.Server.csproj", "{A9F055C7-C90A-4128-8D07-02ABB27DEC4E}"
EndProject
Global
	GlobalSection(SolutionConfigurationPlatforms) = preSolution
		Debug|Any CPU = Debug|Any CPU
		Release|Any CPU = Release|Any CPU
	EndGlobalSection
	GlobalSection(ProjectConfigurationPlatforms) = postSolution
		{A9F055C7-C90A-4128-8D07-02ABB27DEC4E}.Debug|Any CPU.ActiveCfg = Debug|Any CPU
		{A9F055C7-C90A-4128-8D07-02ABB27DEC4E}.Debug|Any CPU.Build.0 = Debug|Any CPU
		{A9F055C7-C90A-4128-8D07-02ABB27DEC4E}.Release|Any CPU.ActiveCfg = Release|Any CPU
		{A9F055C7-C90A-4128-8D07-02ABB27DEC4E}.Release|Any CPU.Build.0 = Release|Any CPU
	EndGlobalSection
	GlobalSection(SolutionProperties) = preSolution
		HideSolutionNode = FALSE
	EndGlobalSection
	GlobalSection(ExtensibilityGlobals) = postSolution
		SolutionGuid = {C7A9A486-A0D7-4DD1-A88A-06DFAE4AE7B5}
	EndGlobalSection
EndGlobal
